
Microsoft Visual Studio Solution File, Format Version 12.00
# Visual Studio Version 17
VisualStudioVersion = 17.14.36623.8 d17.14
MinimumVisualStudioVersion = 10.0.40219.1
Project("{FAE04EC0-301F-11D3-BF4B-00C04F79EFBC}") = "Calculator", "Calculator.csproj", "{C893412F-6730-4363-8D19-40D4A86FB3D7}"
EndProject
Global
	GlobalSection(SolutionConfigurationPlatforms) = preSolution
		Debug|Any CPU = Debug|Any CPU
		Release|Any CPU = Release|Any CPU
	EndGlobalSection
	GlobalSection(ProjectConfigurationPlatforms) = postSolution
		{C893412F-6730-4363-8D19-40D4A86FB3D7}.Debug|Any CPU.ActiveCfg = Debug|Any CPU
		{C893412F-6730-4363-8D19-40D4A86FB3D7}.Debug|Any CPU.Build.0 = Debug|Any CPU
		{C893412F-6730-4363-8D19-40D4A86FB3D7}.Release|Any CPU.ActiveCfg = Release|Any CPU
		{C893412F-6730-4363-8D19-40D4A86FB3D7}.Release|Any CPU.Build.0 = Release|Any CPU
	EndGlobalSection
	GlobalSection(SolutionProperties) = preSolution
		HideSolutionNode = FALSE
	EndGlobalSection
	GlobalSection(ExtensibilityGlobals) = postSolution
		SolutionGuid = {9F95C945-8B26-463C-AABB-8DE86DEEFB47}
	EndGlobalSection
EndGlobal
